
Microsoft Visual Studio Solution File, Format Version 12.00
# Visual Studio 14
VisualStudioVersion = 14.0.24720.0
MinimumVisualStudioVersion = 10.0.40219.1
Project("{8BC9CEB8-8B4A-11D0-8D11-00A0C91BC942}") = "MacType", "gdipp.vcxproj", "{15C33FD9-0811-4981-B08F-E0BAD74A3028}"
	ProjectSection(ProjectDependencies) = postProject
		{7BB38229-1AAB-4306-A754-6ED49594E425} = {7BB38229-1AAB-4306-A754-6ED49594E425}
		{78B079BD-9FC7-4B9E-B4A6-96DA0F00248B} = {78B079BD-9FC7-4B9E-B4A6-96DA0F00248B}
	EndProjectSection
EndProject
Project("{8BC9CEB8-8B4A-11D0-8D11-00A0C91BC942}") = "IniParser", "IniParser\IniParser\IniParser.vcxproj", "{7BB38229-1AAB-4306-A754-6ED49594E425}"
EndProject
Project("{8BC9CEB8-8B4A-11D0-8D11-00A0C91BC942}") = "freetype", "deps\freetype-2.7\builds\windows\vc2010\freetype.vcxproj", "{78B079BD-9FC7-4B9E-B4A6-96DA0F00248B}"
EndProject
Global
	GlobalSection(SolutionConfigurationPlatforms) = preSolution
		Debug Multithreaded|Win32 = Debug Multithreaded|Win32
		Debug Multithreaded|x64 = Debug Multithreaded|x64
		Debug Singlethreaded|Win32 = Debug Singlethreaded|Win32
		Debug Singlethreaded|x64 = Debug Singlethreaded|x64
		Debug|Win32 = Debug|Win32
		Debug|x64 = Debug|x64
		netfx3.5-Debug|Win32 = netfx3.5-Debug|Win32
		netfx3.5-Debug|x64 = netfx3.5-Debug|x64
		netfx3.5-Release|Win32 = netfx3.5-Release|Win32
		netfx3.5-Release|x64 = netfx3.5-Release|x64
		netfx4-Debug|Win32 = netfx4-Debug|Win32
		netfx4-Debug|x64 = netfx4-Debug|x64
		netfx4-Release|Win32 = netfx4-Release|Win32
		netfx4-Release|x64 = netfx4-Release|x64
		Release Multithreaded|Win32 = Release Multithreaded|Win32
		Release Multithreaded|x64 = Release Multithreaded|x64
		Release Singlethreaded|Win32 = Release Singlethreaded|Win32
		Release Singlethreaded|x64 = Release Singlethreaded|x64
		Release|Win32 = Release|Win32
		Release|x64 = Release|x64
	EndGlobalSection
	GlobalSection(ProjectConfigurationPlatforms) = postSolution
		{15C33FD9-0811-4981-B08F-E0BAD74A3028}.Debug Multithreaded|Win32.ActiveCfg = Debug|Win32
		{15C33FD9-0811-4981-B08F-E0BAD74A3028}.Debug Multithreaded|Win32.Build.0 = Debug|Win32
		{15C33FD9-0811-4981-B08F-E0BAD74A3028}.Debug Multithreaded|x64.ActiveCfg = Debug|x64
		{15C33FD9-0811-4981-B08F-E0BAD74A3028}.Debug Multithreaded|x64.Build.0 = Debug|x64
		{15C33FD9-0811-4981-B08F-E0BAD74A3028}.Debug Singlethreaded|Win32.ActiveCfg = Debug|Win32
		{15C33FD9-0811-4981-B08F-E0BAD74A3028}.Debug Singlethreaded|Win32.Build.0 = Debug|Win32
		{15C33FD9-0811-4981-B08F-E0BAD74A3028}.Debug Singlethreaded|x64.ActiveCfg = Debug|x64
		{15C33FD9-0811-4981-B08F-E0BAD74A3028}.Debug Singlethreaded|x64.Build.0 = Debug|x64
		{15C33FD9-0811-4981-B08F-E0BAD74A3028}.Debug|Win32.ActiveCfg = Debug|Win32
		{15C33FD9-0811-4981-B08F-E0BAD74A3028}.Debug|Win32.Build.0 = Debug|Win32
		{15C33FD9-0811-4981-B08F-E0BAD74A3028}.Debug|x64.ActiveCfg = Debug|x64
		{15C33FD9-0811-4981-B08F-E0BAD74A3028}.Debug|x64.Build.0 = Debug|x64
		{15C33FD9-0811-4981-B08F-E0BAD74A3028}.netfx3.5-Debug|Win32.ActiveCfg = Debug|Win32
		{15C33FD9-0811-4981-B08F-E0BAD74A3028}.netfx3.5-Debug|Win32.Build.0 = Debug|Win32
		{15C33FD9-0811-4981-B08F-E0BAD74A3028}.netfx3.5-Debug|x64.ActiveCfg = Debug|x64
		{15C33FD9-0811-4981-B08F-E0BAD74A3028}.netfx3.5-Debug|x64.Build.0 = Debug|x64
		{15C33FD9-0811-4981-B08F-E0BAD74A3028}.netfx3.5-Release|Win32.ActiveCfg = Release|Win32
		{15C33FD9-0811-4981-B08F-E0BAD74A3028}.netfx3.5-Release|Win32.Build.0 = Release|Win32
		{15C33FD9-0811-4981-B08F-E0BAD74A3028}.netfx3.5-Release|x64.ActiveCfg = Release|x64
		{15C33FD9-0811-4981-B08F-E0BAD74A3028}.netfx3.5-Release|x64.Build.0 = Release|x64
		{15C33FD9-0811-4981-B08F-E0BAD74A3028}.netfx4-Debug|Win32.ActiveCfg = Debug|Win32
		{15C33FD9-0811-4981-B08F-E0BAD74A3028}.netfx4-Debug|Win32.Build.0 = Debug|Win32
		{15C33FD9-0811-4981-B08F-E0BAD74A3028}.netfx4-Debug|x64.ActiveCfg = Debug|x64
		{15C33FD9-0811-4981-B08F-E0BAD74A3028}.netfx4-Debug|x64.Build.0 = Debug|x64
		{15C33FD9-0811-4981-B08F-E0BAD74A3028}.netfx4-Release|Win32.ActiveCfg = Release|Win32
		{15C33FD9-0811-4981-B08F-E0BAD74A3028}.netfx4-Release|Win32.Build.0 = Release|Win32
		{15C33FD9-0811-4981-B08F-E0BAD74A3028}.netfx4-Release|x64.ActiveCfg = Release|x64
		{15C33FD9-0811-4981-B08F-E0BAD74A3028}.netfx4-Release|x64.Build.0 = Release|x64
		{15C33FD9-0811-4981-B08F-E0BAD74A3028}.Release Multithreaded|Win32.ActiveCfg = Release|Win32
		{15C33FD9-0811-4981-B08F-E0BAD74A3028}.Release Multithreaded|Win32.Build.0 = Release|Win32
		{15C33FD9-0811-4981-B08F-E0BAD74A3028}.Release Multithreaded|x64.ActiveCfg = Release|x64
		{15C33FD9-0811-4981-B08F-E0BAD74A3028}.Release Multithreaded|x64.Build.0 = Release|x64
		{15C33FD9-0811-4981-B08F-E0BAD74A3028}.Release Singlethreaded|Win32.ActiveCfg = Release|Win32
		{15C33FD9-0811-4981-B08F-E0BAD74A3028}.Release Singlethreaded|Win32.Build.0 = Release|Win32
		{15C33FD9-0811-4981-B08F-E0BAD74A3028}.Release Singlethreaded|x64.ActiveCfg = Release|x64
		{15C33FD9-0811-4981-B08F-E0BAD74A3028}.Release Singlethreaded|x64.Build.0 = Release|x64
		{15C33FD9-0811-4981-B08F-E0BAD74A3028}.Release|Win32.ActiveCfg = Release|Win32
		{15C33FD9-0811-4981-B08F-E0BAD74A3028}.Release|Win32.Build.0 = Release|Win32
		{15C33FD9-0811-4981-B08F-E0BAD74A3028}.Release|x64.ActiveCfg = Release|x64
		{15C33FD9-0811-4981-B08F-E0BAD74A3028}.Release|x64.Build.0 = Release|x64
		{7BB38229-1AAB-4306-A754-6ED49594E425}.Debug Multithreaded|Win32.ActiveCfg = Debug|Win32
		{7BB38229-1AAB-4306-A754-6ED49594E425}.Debug Multithreaded|Win32.Build.0 = Debug|Win32
		{7BB38229-1AAB-4306-A754-6ED49594E425}.Debug Multithreaded|x64.ActiveCfg = Debug|x64
		{7BB38229-1AAB-4306-A754-6ED49594E425}.Debug Multithreaded|x64.Build.0 = Debug|x64
		{7BB38229-1AAB-4306-A754-6ED49594E425}.Debug Singlethreaded|Win32.ActiveCfg = Debug|Win32
		{7BB38229-1AAB-4306-A754-6ED49594E425}.Debug Singlethreaded|Win32.Build.0 = Debug|Win32
		{7BB38229-1AAB-4306-A754-6ED49594E425}.Debug Singlethreaded|x64.ActiveCfg = Debug|x64
		{7BB38229-1AAB-4306-A754-6ED49594E425}.Debug Singlethreaded|x64.Build.0 = Debug|x64
		{7BB38229-1AAB-4306-A754-6ED49594E425}.Debug|Win32.ActiveCfg = Debug|Win32
		{7BB38229-1AAB-4306-A754-6ED49594E425}.Debug|Win32.Build.0 = Debug|Win32
		{7BB38229-1AAB-4306-A754-6ED49594E425}.Debug|x64.ActiveCfg = Debug|x64
		{7BB38229-1AAB-4306-A754-6ED49594E425}.Debug|x64.Build.0 = Debug|x64
		{7BB38229-1AAB-4306-A754-6ED49594E425}.netfx3.5-Debug|Win32.ActiveCfg = Debug|Win32
		{7BB38229-1AAB-4306-A754-6ED49594E425}.netfx3.5-Debug|Win32.Build.0 = Debug|Win32
		{7BB38229-1AAB-4306-A754-6ED49594E425}.netfx3.5-Debug|x64.ActiveCfg = Debug|x64
		{7BB38229-1AAB-4306-A754-6ED49594E425}.netfx3.5-Debug|x64.Build.0 = Debug|x64
		{7BB38229-1AAB-4306-A754-6ED49594E425}.netfx3.5-Release|Win32.ActiveCfg = Release|Win32
		{7BB38229-1AAB-4306-A754-6ED49594E425}.netfx3.5-Release|Win32.Build.0 = Release|Win32
		{7BB38229-1AAB-4306-A754-6ED49594E425}.netfx3.5-Release|x64.ActiveCfg = Release|x64
		{7BB38229-1AAB-4306-A754-6ED49594E425}.netfx3.5-Release|x64.Build.0 = Release|x64
		{7BB38229-1AAB-4306-A754-6ED49594E425}.netfx4-Debug|Win32.ActiveCfg = Debug|Win32
		{7BB38229-1AAB-4306-A754-6ED49594E425}.netfx4-Debug|Win32.Build.0 = Debug|Win32
		{7BB38229-1AAB-4306-A754-6ED49594E425}.netfx4-Debug|x64.ActiveCfg = Debug|x64
		{7BB38229-1AAB-4306-A754-6ED49594E425}.netfx4-Debug|x64.Build.0 = Debug|x64
		{7BB38229-1AAB-4306-A754-6ED49594E425}.netfx4-Release|Win32.ActiveCfg = Release|Win32
		{7BB38229-1AAB-4306-A754-6ED49594E425}.netfx4-Release|Win32.Build.0 = Release|Win32
		{7BB38229-1AAB-4306-A754-6ED49594E425}.netfx4-Release|x64.ActiveCfg = Release|x64
		{7BB38229-1AAB-4306-A754-6ED49594E425}.netfx4-Release|x64.Build.0 = Release|x64
		{7BB38229-1AAB-4306-A754-6ED49594E425}.Release Multithreaded|Win32.ActiveCfg = Release|Win32
		{7BB38229-1AAB-4306-A754-6ED49594E425}.Release Multithreaded|Win32.Build.0 = Release|Win32
		{7BB38229-1AAB-4306-A754-6ED49594E425}.Release Multithreaded|x64.ActiveCfg = Release|x64
		{7BB38229-1AAB-4306-A754-6ED49594E425}.Release Multithreaded|x64.Build.0 = Release|x64
		{7BB38229-1AAB-4306-A754-6ED49594E425}.Release Singlethreaded|Win32.ActiveCfg = Release|Win32
		{7BB38229-1AAB-4306-A754-6ED49594E425}.Release Singlethreaded|Win32.Build.0 = Release|Win32
		{7BB38229-1AAB-4306-A754-6ED49594E425}.Release Singlethreaded|x64.ActiveCfg = Release|x64
		{7BB38229-1AAB-4306-A754-6ED49594E425}.Release Singlethreaded|x64.Build.0 = Release|x64
		{7BB38229-1AAB-4306-A754-6ED49594E425}.Release|Win32.ActiveCfg = Release|Win32
		{7BB38229-1AAB-4306-A754-6ED49594E425}.Release|Win32.Build.0 = Release|Win32
		{7BB38229-1AAB-4306-A754-6ED49594E425}.Release|x64.ActiveCfg = Release|x64
		{7BB38229-1AAB-4306-A754-6ED49594E425}.Release|x64.Build.0 = Release|x64
		{78B079BD-9FC7-4B9E-B4A6-96DA0F00248B}.Debug Multithreaded|Win32.ActiveCfg = Debug Multithreaded|Win32
		{78B079BD-9FC7-4B9E-B4A6-96DA0F00248B}.Debug Multithreaded|Win32.Build.0 = Debug Multithreaded|Win32
		{78B079BD-9FC7-4B9E-B4A6-96DA0F00248B}.Debug Multithreaded|x64.ActiveCfg = Debug Multithreaded|x64
		{78B079BD-9FC7-4B9E-B4A6-96DA0F00248B}.Debug Multithreaded|x64.Build.0 = Debug Multithreaded|x64
		{78B079BD-9FC7-4B9E-B4A6-96DA0F00248B}.Debug Singlethreaded|Win32.ActiveCfg = Debug Singlethreaded|Win32
		{78B079BD-9FC7-4B9E-B4A6-96DA0F00248B}.Debug Singlethreaded|Win32.Build.0 = Debug Singlethreaded|Win32
		{78B079BD-9FC7-4B9E-B4A6-96DA0F00248B}.Debug Singlethreaded|x64.ActiveCfg = Debug Singlethreaded|x64
		{78B079BD-9FC7-4B9E-B4A6-96DA0F00248B}.Debug Singlethreaded|x64.Build.0 = Debug Singlethreaded|x64
		{78B079BD-9FC7-4B9E-B4A6-96DA0F00248B}.Debug|Win32.ActiveCfg = Debug|Win32
		{78B079BD-9FC7-4B9E-B4A6-96DA0F00248B}.Debug|Win32.Build.0 = Debug|Win32
		{78B079BD-9FC7-4B9E-B4A6-96DA0F00248B}.Debug|x64.ActiveCfg = Debug|x64
		{78B079BD-9FC7-4B9E-B4A6-96DA0F00248B}.Debug|x64.Build.0 = Debug|x64
		{78B079BD-9FC7-4B9E-B4A6-96DA0F00248B}.netfx3.5-Debug|Win32.ActiveCfg = Debug|Win32
		{78B079BD-9FC7-4B9E-B4A6-96DA0F00248B}.netfx3.5-Debug|Win32.Build.0 = Debug|Win32
		{78B079BD-9FC7-4B9E-B4A6-96DA0F00248B}.netfx3.5-Debug|x64.ActiveCfg = Debug|x64
		{78B079BD-9FC7-4B9E-B4A6-96DA0F00248B}.netfx3.5-Debug|x64.Build.0 = Debug|x64
		{78B079BD-9FC7-4B9E-B4A6-96DA0F00248B}.netfx3.5-Release|Win32.ActiveCfg = Release|Win32
		{78B079BD-9FC7-4B9E-B4A6-96DA0F00248B}.netfx3.5-Release|Win32.Build.0 = Release|Win32
		{78B079BD-9FC7-4B9E-B4A6-96DA0F00248B}.netfx3.5-Release|x64.ActiveCfg = Release|x64
		{78B079BD-9FC7-4B9E-B4A6-96DA0F00248B}.netfx3.5-Release|x64.Build.0 = Release|x64
		{78B079BD-9FC7-4B9E-B4A6-96DA0F00248B}.netfx4-Debug|Win32.ActiveCfg = Debug|Win32
		{78B079BD-9FC7-4B9E-B4A6-96DA0F00248B}.netfx4-Debug|Win32.Build.0 = Debug|Win32
		{78B079BD-9FC7-4B9E-B4A6-96DA0F00248B}.netfx4-Debug|x64.ActiveCfg = Debug|x64
		{78B079BD-9FC7-4B9E-B4A6-96DA0F00248B}.netfx4-Debug|x64.Build.0 = Debug|x64
		{78B079BD-9FC7-4B9E-B4A6-96DA0F00248B}.netfx4-Release|Win32.ActiveCfg = Release|Win32
		{78B079BD-9FC7-4B9E-B4A6-96DA0F00248B}.netfx4-Release|Win32.Build.0 = Release|Win32
		{78B079BD-9FC7-4B9E-B4A6-96DA0F00248B}.netfx4-Release|x64.ActiveCfg = Release|x64
		{78B079BD-9FC7-4B9E-B4A6-96DA0F00248B}.netfx4-Release|x64.Build.0 = Release|x64
		{78B079BD-9FC7-4B9E-B4A6-96DA0F00248B}.Release Multithreaded|Win32.ActiveCfg = Release Multithreaded|Win32
		{78B079BD-9FC7-4B9E-B4A6-96DA0F00248B}.Release Multithreaded|Win32.Build.0 = Release Multithreaded|Win32
		{78B079BD-9FC7-4B9E-B4A6-96DA0F00248B}.Release Multithreaded|x64.ActiveCfg = Release Multithreaded|x64
		{78B079BD-9FC7-4B9E-B4A6-96DA0F00248B}.Release Multithreaded|x64.Build.0 = Release Multithreaded|x64
		{78B079BD-9FC7-4B9E-B4A6-96DA0F00248B}.Release Singlethreaded|Win32.ActiveCfg = Release Singlethreaded|Win32
		{78B079BD-9FC7-4B9E-B4A6-96DA0F00248B}.Release Singlethreaded|Win32.Build.0 = Release Singlethreaded|Win32
		{78B079BD-9FC7-4B9E-B4A6-96DA0F00248B}.Release Singlethreaded|x64.ActiveCfg = Release Singlethreaded|x64
		{78B079BD-9FC7-4B9E-B4A6-96DA0F00248B}.Release Singlethreaded|x64.Build.0 = Release Singlethreaded|x64
		{78B079BD-9FC7-4B9E-B4A6-96DA0F00248B}.Release|Win32.ActiveCfg = Release Multithreaded|Win32
		{78B079BD-9FC7-4B9E-B4A6-96DA0F00248B}.Release|Win32.Build.0 = Release Multithreaded|Win32
		{78B079BD-9FC7-4B9E-B4A6-96DA0F00248B}.Release|x64.ActiveCfg = Release|x64
		{78B079BD-9FC7-4B9E-B4A6-96DA0F00248B}.Release|x64.Build.0 = Release|x64
	EndGlobalSection
	GlobalSection(SolutionProperties) = preSolution
		HideSolutionNode = FALSE
	EndGlobalSection
EndGlobal
